
Microsoft Visual Studio Solution File, Format Version 11.00
# Visual Studio 2010
Project("{FAE04EC0-301F-11D3-BF4B-00C04F79EFBC}") = "BenchMarkingTool", "BenchMarkingTool\BenchMarkingTool.csproj", "{9F267A05-5466-4F62-B8CE-9CEF87EB57D4}"
EndProject
Project("{FAE04EC0-301F-11D3-BF4B-00C04F79EFBC}") = "Entities", "Entities\Entities.csproj", "{0DF6462B-8EF3-4FCF-8F5A-704EF8CB8202}"
EndProject
Project("{FAE04EC0-301F-11D3-BF4B-00C04F79EFBC}") = "BasketCreator", "BasketCreatore\BasketCreator.csproj", "{BB127D0D-AD36-4008-BC5C-2327F34B1F02}"
EndProject
Project("{FAE04EC0-301F-11D3-BF4B-00C04F79EFBC}") = "BasketActions", "BasketActions\BasketActions.csproj", "{57C7400A-1E42-41D9-9C24-8C3F1070982A}"
EndProject
Project("{FAE04EC0-301F-11D3-BF4B-00C04F79EFBC}") = "Controller", "Controller\Controller.csproj", "{54FCF7C5-FF4C-4F56-A4B5-CA32E55124EE}"
EndProject
Global
	GlobalSection(SolutionConfigurationPlatforms) = preSolution
		Debug|Any CPU = Debug|Any CPU
		Debug|Mixed Platforms = Debug|Mixed Platforms
		Debug|x86 = Debug|x86
		Release|Any CPU = Release|Any CPU
		Release|Mixed Platforms = Release|Mixed Platforms
		Release|x86 = Release|x86
	EndGlobalSection
	GlobalSection(ProjectConfigurationPlatforms) = postSolution
		{9F267A05-5466-4F62-B8CE-9CEF87EB57D4}.Debug|Any CPU.ActiveCfg = Debug|x86
		{9F267A05-5466-4F62-B8CE-9CEF87EB57D4}.Debug|Mixed Platforms.ActiveCfg = Debug|x86
		{9F267A05-5466-4F62-B8CE-9CEF87EB57D4}.Debug|Mixed Platforms.Build.0 = Debug|x86
		{9F267A05-5466-4F62-B8CE-9CEF87EB57D4}.Debug|x86.ActiveCfg = Debug|x86
		{9F267A05-5466-4F62-B8CE-9CEF87EB57D4}.Debug|x86.Build.0 = Debug|x86
		{9F267A05-5466-4F62-B8CE-9CEF87EB57D4}.Release|Any CPU.ActiveCfg = Release|x86
		{9F267A05-5466-4F62-B8CE-9CEF87EB57D4}.Release|Mixed Platforms.ActiveCfg = Release|x86
		{9F267A05-5466-4F62-B8CE-9CEF87EB57D4}.Release|Mixed Platforms.Build.0 = Release|x86
		{9F267A05-5466-4F62-B8CE-9CEF87EB57D4}.Release|x86.ActiveCfg = Release|x86
		{9F267A05-5466-4F62-B8CE-9CEF87EB57D4}.Release|x86.Build.0 = Release|x86
		{0DF6462B-8EF3-4FCF-8F5A-704EF8CB8202}.Debug|Any CPU.ActiveCfg = Debug|Any CPU
		{0DF6462B-8EF3-4FCF-8F5A-704EF8CB8202}.Debug|Any CPU.Build.0 = Debug|Any CPU
		{0DF6462B-8EF3-4FCF-8F5A-704EF8CB8202}.Debug|Mixed Platforms.ActiveCfg = Debug|Any CPU
		{0DF6462B-8EF3-4FCF-8F5A-704EF8CB8202}.Debug|Mixed Platforms.Build.0 = Debug|Any CPU
		{0DF6462B-8EF3-4FCF-8F5A-704EF8CB8202}.Debug|x86.ActiveCfg = Debug|Any CPU
		{0DF6462B-8EF3-4FCF-8F5A-704EF8CB8202}.Release|Any CPU.ActiveCfg = Release|Any CPU
		{0DF6462B-8EF3-4FCF-8F5A-704EF8CB8202}.Release|Any CPU.Build.0 = Release|Any CPU
		{0DF6462B-8EF3-4FCF-8F5A-704EF8CB8202}.Release|Mixed Platforms.ActiveCfg = Release|Any CPU
		{0DF6462B-8EF3-4FCF-8F5A-704EF8CB8202}.Release|Mixed Platforms.Build.0 = Release|Any CPU
		{0DF6462B-8EF3-4FCF-8F5A-704EF8CB8202}.Release|x86.ActiveCfg = Release|Any CPU
		{BB127D0D-AD36-4008-BC5C-2327F34B1F02}.Debug|Any CPU.ActiveCfg = Debug|Any CPU
		{BB127D0D-AD36-4008-BC5C-2327F34B1F02}.Debug|Any CPU.Build.0 = Debug|Any CPU
		{BB127D0D-AD36-4008-BC5C-2327F34B1F02}.Debug|Mixed Platforms.ActiveCfg = Debug|Any CPU
		{BB127D0D-AD36-4008-BC5C-2327F34B1F02}.Debug|Mixed Platforms.Build.0 = Debug|Any CPU
		{BB127D0D-AD36-4008-BC5C-2327F34B1F02}.Debug|x86.ActiveCfg = Debug|Any CPU
		{BB127D0D-AD36-4008-BC5C-2327F34B1F02}.Release|Any CPU.ActiveCfg = Release|Any CPU
		{BB127D0D-AD36-4008-BC5C-2327F34B1F02}.Release|Any CPU.Build.0 = Release|Any CPU
		{BB127D0D-AD36-4008-BC5C-2327F34B1F02}.Release|Mixed Platforms.ActiveCfg = Release|Any CPU
		{BB127D0D-AD36-4008-BC5C-2327F34B1F02}.Release|Mixed Platforms.Build.0 = Release|Any CPU
		{BB127D0D-AD36-4008-BC5C-2327F34B1F02}.Release|x86.ActiveCfg = Release|Any CPU
		{57C7400A-1E42-41D9-9C24-8C3F1070982A}.Debug|Any CPU.ActiveCfg = Debug|Any CPU
		{57C7400A-1E42-41D9-9C24-8C3F1070982A}.Debug|Any CPU.Build.0 = Debug|Any CPU
		{57C7400A-1E42-41D9-9C24-8C3F1070982A}.Debug|Mixed Platforms.ActiveCfg = Debug|Any CPU
		{57C7400A-1E42-41D9-9C24-8C3F1070982A}.Debug|Mixed Platforms.Build.0 = Debug|Any CPU
		{57C7400A-1E42-41D9-9C24-8C3F1070982A}.Debug|x86.ActiveCfg = Debug|Any CPU
		{57C7400A-1E42-41D9-9C24-8C3F1070982A}.Release|Any CPU.ActiveCfg = Release|Any CPU
		{57C7400A-1E42-41D9-9C24-8C3F1070982A}.Release|Any CPU.Build.0 = Release|Any CPU
		{57C7400A-1E42-41D9-9C24-8C3F1070982A}.Release|Mixed Platforms.ActiveCfg = Release|Any CPU
		{57C7400A-1E42-41D9-9C24-8C3F1070982A}.Release|Mixed Platforms.Build.0 = Release|Any CPU
		{57C7400A-1E42-41D9-9C24-8C3F1070982A}.Release|x86.ActiveCfg = Release|Any CPU
		{54FCF7C5-FF4C-4F56-A4B5-CA32E55124EE}.Debug|Any CPU.ActiveCfg = Debug|Any CPU
		{54FCF7C5-FF4C-4F56-A4B5-CA32E55124EE}.Debug|Any CPU.Build.0 = Debug|Any CPU
		{54FCF7C5-FF4C-4F56-A4B5-CA32E55124EE}.Debug|Mixed Platforms.ActiveCfg = Debug|Any CPU
		{54FCF7C5-FF4C-4F56-A4B5-CA32E55124EE}.Debug|Mixed Platforms.Build.0 = Debug|Any CPU
		{54FCF7C5-FF4C-4F56-A4B5-CA32E55124EE}.Debug|x86.ActiveCfg = Debug|Any CPU
		{54FCF7C5-FF4C-4F56-A4B5-CA32E55124EE}.Release|Any CPU.ActiveCfg = Release|Any CPU
		{54FCF7C5-FF4C-4F56-A4B5-CA32E55124EE}.Release|Any CPU.Build.0 = Release|Any CPU
		{54FCF7C5-FF4C-4F56-A4B5-CA32E55124EE}.Release|Mixed Platforms.ActiveCfg = Release|Any CPU
		{54FCF7C5-FF4C-4F56-A4B5-CA32E55124EE}.Release|Mixed Platforms.Build.0 = Release|Any CPU
		{54FCF7C5-FF4C-4F56-A4B5-CA32E55124EE}.Release|x86.ActiveCfg = Release|Any CPU
	EndGlobalSection
	GlobalSection(SolutionProperties) = preSolution
		HideSolutionNode = FALSE
	EndGlobalSection
EndGlobal
